// !$*UTF8*$!
{
	archiveVersion = 1;
	classes = {
	};
	objectVersion = 50;
	objects = {

/* Begin PBXBuildFile section */
		ACD477A120FD8CBC004EFCA1 /* AppDelegate.swift in Sources */ = {isa = PBXBuildFile; fileRef = ACD477A020FD8CBC004EFCA1 /* AppDelegate.swift */; };
		ACD477A320FD8CBC004EFCA1 /* ViewController.swift in Sources */ = {isa = PBXBuildFile; fileRef = ACD477A220FD8CBC004EFCA1 /* ViewController.swift */; };
		ACD477A620FD8CBC004EFCA1 /* Main.storyboard in Resources */ = {isa = PBXBuildFile; fileRef = ACD477A420FD8CBC004EFCA1 /* Main.storyboard */; };
		ACD477A820FD8CBF004EFCA1 /* Assets.xcassets in Resources */ = {isa = PBXBuildFile; fileRef = ACD477A720FD8CBF004EFCA1 /* Assets.xcassets */; };
		ACD477AB20FD8CBF004EFCA1 /* LaunchScreen.storyboard in Resources */ = {isa = PBXBuildFile; fileRef = ACD477A920FD8CBF004EFCA1 /* LaunchScreen.storyboard */; };
/* End PBXBuildFile section */

/* Begin PBXFileReference section */
		ACD4779D20FD8CBC004EFCA1 /* Snake Eyes.app */ = {isa = PBXFileReference; explicitFileType = wrapper.application; includeInIndex = 0; path = "Snake Eyes.app"; sourceTree = BUILT_PRODUCTS_DIR; };
		ACD477A020FD8CBC004EFCA1 /* AppDelegate.swift */ = {isa = PBXFileReference; lastKnownFileType = sourcecode.swift; path = AppDelegate.swift; sourceTree = "<group>"; };
		ACD477A220FD8CBC004EFCA1 /* ViewController.swift */ = {isa = PBXFileReference; lastKnownFileType = sourcecode.swift; path = ViewController.swift; sourceTree = "<group>"; };
		ACD477A520FD8CBC004EFCA1 /* Base */ = {isa = PBXFileReference; lastKnownFileType = file.storyboard; name = Base; path = Base.lproj/Main.storyboard; sourceTree = "<group>"; };
		ACD477A720FD8CBF004EFCA1 /* Assets.xcassets */ = {isa = PBXFileReference; lastKnownFileType = folder.assetcatalog; path = Assets.xcassets; sourceTree = "<group>"; };
		ACD477AA20FD8CBF004EFCA1 /* Base */ = {isa = PBXFileReference; lastKnownFileType = file.storyboard; name = Base; path = Base.lproj/LaunchScreen.storyboard; sourceTree = "<group>"; };
		ACD477AC20FD8CBF004EFCA1 /* Info.plist */ = {isa = PBXFileReference; lastKnownFileType = text.plist.xml; path = Info.plist; sourceTree = "<group>"; };
/* End PBXFileReference section */

/* Begin PBXFrameworksBuildPhase section */
		ACD4779A20FD8CBC004EFCA1 /* Frameworks */ = {
			isa = PBXFrameworksBuildPhase;
			buildActionMask = 2147483647;
			files = (
			);
			runOnlyForDeploymentPostprocessing = 0;
		};
/* End PBXFrameworksBuildPhase section */

/* Begin PBXGroup section */
		ACD4779420FD8CBC004EFCA1 = {
			isa = PBXGroup;
			children = (
				ACD4779F20FD8CBC004EFCA1 /* Snake Eyes */,
				ACD4779E20FD8CBC004EFCA1 /* Products */,
			);
			sourceTree = "<group>";
		};
		ACD4779E20FD8CBC004EFCA1 /* Products */ = {
			isa = PBXGroup;
			children = (
				ACD4779D20FD8CBC004EFCA1 /* Snake Eyes.app */,
			);
			name = Products;
			sourceTree = "<group>";
		};
		ACD4779F20FD8CBC004EFCA1 /* Snake Eyes */ = {
			isa = PBXGroup;
			children = (
				ACD477A020FD8CBC004EFCA1 /* AppDelegate.swift */,
				ACD477A220FD8CBC004EFCA1 /* ViewController.swift */,
				ACD477A420FD8CBC004EFCA1 /* Main.storyboard */,
				ACD477A720FD8CBF004EFCA1 /* Assets.xcassets */,
				ACD477A920FD8CBF004EFCA1 /* LaunchScreen.storyboard */,
				ACD477AC20FD8CBF004EFCA1 /* Info.plist */,
			);
			path = "Snake Eyes";
			sourceTree = "<group>";
		};
/* End PBXGroup section */

/* Begin PBXNativeTarget section */
		ACD4779C20FD8CBC004EFCA1 /* Snake Eyes */ = {
			isa = PBXNativeTarget;
			buildConfigurationList = ACD477AF20FD8CBF004EFCA1 /* Build configuration list for PBXNativeTarget "Snake Eyes" */;
			buildPhases = (
				ACD4779920FD8CBC004EFCA1 /* Sources */,
				ACD4779A20FD8CBC004EFCA1 /* Frameworks */,
				ACD4779B20FD8CBC004EFCA1 /* Resources */,
			);
			buildRules = (
			);
			dependencies = (
			);
			name = "Snake Eyes";
			productName = "Snake Eyes";
			productReference = ACD4779D20FD8CBC004EFCA1 /* Snake Eyes.app */;
			productType = "com.apple.product-type.application";
		};
/* End PBXNativeTarget section */

/* Begin PBXProject section */
		ACD4779520FD8CBC004EFCA1 /* Project object */ = {
			isa = PBXProject;
			attributes = {
				LastSwiftUpdateCheck = 0940;
				LastUpgradeCheck = 0940;
				ORGANIZATIONNAME = "Ngo Limit Designs";
				TargetAttributes = {
					ACD4779C20FD8CBC004EFCA1 = {
						CreatedOnToolsVersion = 9.4.1;
					};
				};
			};
			buildConfigurationList = ACD4779820FD8CBC004EFCA1 /* Build configuration list for PBXProject "Snake Eyes" */;
			compatibilityVersion = "Xcode 9.3";
			developmentRegion = en;
			hasScannedForEncodings = 0;
			knownRegions = (
				en,
				Base,
			);
			mainGroup = ACD4779420FD8CBC004EFCA1;
			productRefGroup = ACD4779E20FD8CBC004EFCA1 /* Products */;
			projectDirPath = "";
			projectRoot = "";
			targets = (
				ACD4779C20FD8CBC004EFCA1 /* Snake Eyes */,
			);
		};
/* End PBXProject section */

/* Begin PBXResourcesBuildPhase section */
		ACD4779B20FD8CBC004EFCA1 /* Resources */ = {
			isa = PBXResourcesBuildPhase;
			buildActionMask = 2147483647;
			files = (
				ACD477AB20FD8CBF004EFCA1 /* LaunchScreen.storyboard in Resources */,
				ACD477A820FD8CBF004EFCA1 /* Assets.xcassets in Resources */,
				ACD477A620FD8CBC004EFCA1 /* Main.storyboard in Resources */,
			);
			runOnlyForDeploymentPostprocessing = 0;
		};
/* End PBXResourcesBuildPhase section */

/* Begin PBXSourcesBuildPhase section */
		ACD4779920FD8CBC004EFCA1 /* Sources */ = {
			isa = PBXSourcesBuildPhase;
			buildActionMask = 2147483647;
			files = (
				ACD477A320FD8CBC004EFCA1 /* ViewController.swift in Sources */,
				ACD477A120FD8CBC004EFCA1 /* AppDelegate.swift in Sources */,
			);
			runOnlyForDeploymentPostprocessing = 0;
		};
/* End PBXSourcesBuildPhase section */

/* Begin PBXVariantGroup section */
		ACD477A420FD8CBC004EFCA1 /* Main.storyboard */ = {
			isa = PBXVariantGroup;
			children = (
				ACD477A520FD8CBC004EFCA1 /* Base */,
			);
			name = Main.storyboard;
			sourceTree = "<group>";
		};
		ACD477A920FD8CBF004EFCA1 /* LaunchScreen.storyboard */ = {
			isa = PBXVariantGroup;
			children = (
				ACD477AA20FD8CBF004EFCA1 /* Base */,
			);
			name = LaunchScreen.storyboard;
			sourceTree = "<group>";
		};
/* End PBXVariantGroup section */

/* Begin XCBuildConfiguration section */
		ACD477AD20FD8CBF004EFCA1 /* Debug */ = {
			isa = XCBuildConfiguration;
			buildSettings = {
				ALWAYS_SEARCH_USER_PATHS = NO;
				CLANG_ANALYZER_NONNULL = YES;
				CLANG_ANALYZER_NUMBER_OBJECT_CONVERSION = YES_AGGRESSIVE;
				CLANG_CXX_LANGUAGE_STANDARD = "gnu++14";
				CLANG_CXX_LIBRARY = "libc++";
				CLANG_ENABLE_MODULES = YES;
				CLANG_ENABLE_OBJC_ARC = YES;
				CLANG_ENABLE_OBJC_WEAK = YES;
				CLANG_WARN_BLOCK_CAPTURE_AUTORELEASING = YES;
				CLANG_WARN_BOOL_CONVERSION = YES;
				CLANG_WARN_COMMA = YES;
				CLANG_WARN_CONSTANT_CONVERSION = YES;
				CLANG_WARN_DEPRECATED_OBJC_IMPLEMENTATIONS = YES;
				CLANG_WARN_DIRECT_OBJC_ISA_USAGE = YES_ERROR;
				CLANG_WARN_DOCUMENTATION_COMMENTS = YES;
				CLANG_WARN_EMPTY_BODY = YES;
				CLANG_WARN_ENUM_CONVERSION = YES;
				CLANG_WARN_INFINITE_RECURSION = YES;
				CLANG_WARN_INT_CONVERSION = YES;
				CLANG_WARN_NON_LITERAL_NULL_CONVERSION = YES;
				CLANG_WARN_OBJC_IMPLICIT_RETAIN_SELF = YES;
				CLANG_WARN_OBJC_LITERAL_CONVERSION = YES;
				CLANG_WARN_OBJC_ROOT_CLASS = YES_ERROR;
				CLANG_WARN_RANGE_LOOP_ANALYSIS = YES;
				CLANG_WARN_STRICT_PROTOTYPES = YES;
				CLANG_WARN_SUSPICIOUS_MOVE = YES;
				CLANG_WARN_UNGUARDED_AVAILABILITY = YES_AGGRESSIVE;
				CLANG_WARN_UNREACHABLE_CODE = YES;
				CLANG_WARN__DUPLICATE_METHOD_MATCH = YES;
				CODE_SIGN_IDENTITY = "iPhone Developer";
				COPY_PHASE_STRIP = NO;
				DEBUG_INFORMATION_FORMAT = dwarf;
				ENABLE_STRICT_OBJC_MSGSEND = YES;
				ENABLE_TESTABILITY = YES;
				GCC_C_LANGUAGE_STANDARD = gnu11;
				GCC_DYNAMIC_NO_PIC = NO;
				GCC_NO_COMMON_BLOCKS = YES;
				GCC_OPTIMIZATION_LEVEL = 0;
				GCC_PREPROCESSOR_DEFINITIONS = (
					"DEBUG=1",
					"$(inherited)",
				);
				GCC_WARN_64_TO_32_BIT_CONVERSION = YES;
				GCC_WARN_ABOUT_RETURN_TYPE = YES_ERROR;
				GCC_WARN_UNDECLARED_SELECTOR = YES;
				GCC_WARN_UNINITIALIZED_AUTOS = YES_AGGRESSIVE;
				GCC_WARN_UNUSED_FUNCTION = YES;
				GCC_WARN_UNUSED_VARIABLE = YES;
				IPHONEOS_DEPLOYMENT_TARGET = 11.4;
				MTL_ENABLE_DEBUG_INFO = YES;
				ONLY_ACTIVE_ARCH = YES;
				SDKROOT = iphoneos;
				SWIFT_ACTIVE_COMPILATION_CONDITIONS = DEBUG;
				SWIFT_OPTIMIZATION_LEVEL = "-Onone";
			};
			name = Debug;
		};
		ACD477AE20FD8CBF004EFCA1 /* Release */ = {
			isa = XCBuildConfiguration;
			buildSettings = {
				ALWAYS_SEARCH_USER_PATHS = NO;
				CLANG_ANALYZER_NONNULL = YES;
				CLANG_ANALYZER_NUMBER_OBJECT_CONVERSION = YES_AGGRESSIVE;
				CLANG_CXX_LANGUAGE_STANDARD = "gnu++14";
				CLANG_CXX_LIBRARY = "libc++";
				CLANG_ENABLE_MODULES = YES;
				CLANG_ENABLE_OBJC_ARC = YES;
				CLANG_ENABLE_OBJC_WEAK = YES;
				CLANG_WARN_BLOCK_CAPTURE_AUTORELEASING = YES;
				CLANG_WARN_BOOL_CONVERSION = YES;
				CLANG_WARN_COMMA = YES;
				CLANG_WARN_CONSTANT_CONVERSION = YES;
				CLANG_WARN_DEPRECATED_OBJC_IMPLEMENTATIONS = YES;
				CLANG_WARN_DIRECT_OBJC_ISA_USAGE = YES_ERROR;
				CLANG_WARN_DOCUMENTATION_COMMENTS = YES;
				CLANG_WARN_EMPTY_BODY = YES;
				CLANG_WARN_ENUM_CONVERSION = YES;
				CLANG_WARN_INFINITE_RECURSION = YES;
				CLANG_WARN_INT_CONVERSION = YES;
				CLANG_WARN_NON_LITERAL_NULL_CONVERSION = YES;
				CLANG_WARN_OBJC_IMPLICIT_RETAIN_SELF = YES;
				CLANG_WARN_OBJC_LITERAL_CONVERSION = YES;
				CLANG_WARN_OBJC_ROOT_CLASS = YES_ERROR;
				CLANG_WARN_RANGE_LOOP_ANALYSIS = YES;
				CLANG_WARN_STRICT_PROTOTYPES = YES;
				CLANG_WARN_SUSPICIOUS_MOVE = YES;
				CLANG_WARN_UNGUARDED_AVAILABILITY = YES_AGGRESSIVE;
				CLANG_WARN_UNREACHABLE_CODE = YES;
				CLANG_WARN__DUPLICATE_METHOD_MATCH = YES;
				CODE_SIGN_IDENTITY = "iPhone Developer";
				COPY_PHASE_STRIP = NO;
				DEBUG_INFORMATION_FORMAT = "dwarf-with-dsym";
				ENABLE_NS_ASSERTIONS = NO;
				ENABLE_STRICT_OBJC_MSGSEND = YES;
				GCC_C_LANGUAGE_STANDARD = gnu11;
				GCC_NO_COMMON_BLOCKS = YES;
				GCC_WARN_64_TO_32_BIT_CONVERSION = YES;
				GCC_WARN_ABOUT_RETURN_TYPE = YES_ERROR;
				GCC_WARN_UNDECLARED_SELECTOR = YES;
				GCC_WARN_UNINITIALIZED_AUTOS = YES_AGGRESSIVE;
				GCC_WARN_UNUSED_FUNCTION = YES;
				GCC_WARN_UNUSED_VARIABLE = YES;
				IPHONEOS_DEPLOYMENT_TARGET = 11.4;
				MTL_ENABLE_DEBUG_INFO = NO;
				SDKROOT = iphoneos;
				SWIFT_COMPILATION_MODE = wholemodule;
				SWIFT_OPTIMIZATION_LEVEL = "-O";
				VALIDATE_PRODUCT = YES;
			};
			name = Release;
		};
		ACD477B020FD8CBF004EFCA1 /* Debug */ = {
			isa = XCBuildConfiguration;
			buildSettings = {
				ASSETCATALOG_COMPILER_APPICON_NAME = AppIcon;
				CODE_SIGN_STYLE = Automatic;
				DEVELOPMENT_TEAM = JCX578KKMS;
				INFOPLIST_FILE = "Snake Eyes/Info.plist";
				LD_RUNPATH_SEARCH_PATHS = (
					"$(inherited)",
					"@executable_path/Frameworks",
				);
				PRODUCT_BUNDLE_IDENTIFIER = "com.ngolimitdesigns.Snake-Eyes";
				PRODUCT_NAME = "$(TARGET_NAME)";
				SWIFT_VERSION = 4.0;
				TARGETED_DEVICE_FAMILY = "1,2";
			};
			name = Debug;
		};
		ACD477B120FD8CBF004EFCA1 /* Release */ = {
			isa = XCBuildConfiguration;
			buildSettings = {
				ASSETCATALOG_COMPILER_APPICON_NAME = AppIcon;
				CODE_SIGN_STYLE = Automatic;
				DEVELOPMENT_TEAM = JCX578KKMS;
				INFOPLIST_FILE = "Snake Eyes/Info.plist";
				LD_RUNPATH_SEARCH_PATHS = (
					"$(inherited)",
					"@executable_path/Frameworks",
				);
				PRODUCT_BUNDLE_IDENTIFIER = "com.ngolimitdesigns.Snake-Eyes";
				PRODUCT_NAME = "$(TARGET_NAME)";
				SWIFT_VERSION = 4.0;
				TARGETED_DEVICE_FAMILY = "1,2";
			};
			name = Release;
		};
/* End XCBuildConfiguration section */

/* Begin XCConfigurationList section */
		ACD4779820FD8CBC004EFCA1 /* Build configuration list for PBXProject "Snake Eyes" */ = {
			isa = XCConfigurationList;
			buildConfigurations = (
				ACD477AD20FD8CBF004EFCA1 /* Debug */,
				ACD477AE20FD8CBF004EFCA1 /* Release */,
			);
			defaultConfigurationIsVisible = 0;
			defaultConfigurationName = Release;
		};
		ACD477AF20FD8CBF004EFCA1 /* Build configuration list for PBXNativeTarget "Snake Eyes" */ = {
			isa = XCConfigurationList;
			buildConfigurations = (
				ACD477B020FD8CBF004EFCA1 /* Debug */,
				ACD477B120FD8CBF004EFCA1 /* Release */,
			);
			defaultConfigurationIsVisible = 0;
			defaultConfigurationName = Release;
		};
/* End XCConfigurationList section */
	};
	rootObject = ACD4779520FD8CBC004EFCA1 /* Project object */;
}
